# THIS IS AN AUTOGENERATED FILE. DO NOT EDIT THIS FILE DIRECTLY.
# yarn lockfile v1


"@types/react@*":
  version "16.3.10"
  resolved "https://registry.yarnpkg.com/@types/react/-/react-16.3.10.tgz#2f25eef83f7c7f6c51cea4c02660f727c75d3b33"
  dependencies:
    csstype "^2.2.0"

csstype@^2.2.0:
  version "2.2.0"
  resolved "https://registry.yarnpkg.com/csstype/-/csstype-2.2.0.tgz#1656ef97553ac53b77090844a2531c6660ebd902"
